SITE
  remote: http://community.opscode.com/api/v1
  specs:
    apt (2.3.0)
    ark (0.4.0)
    aws (1.0.0)
    chef_handler (1.1.4)
    firewall (0.11.2)
    java (1.16.0)
      aws (>= 0.0.0)
      windows (>= 0.0.0)
    ufw (0.7.0)
      firewall (>= 0.8.0)
    windows (1.11.0)
      chef_handler (>= 0.0.0)
    yum (3.0.0)

GIT
  remote: https://github.com/michaelklishin/cassandra-chef-cookbook
  ref: master
  sha: 667a24c0934876f0b2027d42cd699dfea73e3a24
  specs:
    cassandra (2.0.0)
      apt (>= 0.0.0)
      ark (>= 0.0.0)
      java (>= 0.0.0)
      yum (>= 0.0.0)

DEPENDENCIES
  apt (>= 0)
  cassandra (>= 0)
  java (>= 0)
  ufw (>= 0)

